// !$*UTF8*$!
{
	archiveVersion = 1;
	classes = {
	};
	objectVersion = 50;
	objects = {

/* Begin PBXBuildFile section */
		ACD8346526A6B6CB00BE217B /* AppDelegate.swift in Sources */ = {isa = PBXBuildFile; fileRef = ACD8346426A6B6CB00BE217B /* AppDelegate.swift */; };
		ACD8346726A6B6CB00BE217B /* SceneDelegate.swift in Sources */ = {isa = PBXBuildFile; fileRef = ACD8346626A6B6CB00BE217B /* SceneDelegate.swift */; };
		ACD8346926A6B6CB00BE217B /* ViewController.swift in Sources */ = {isa = PBXBuildFile; fileRef = ACD8346826A6B6CB00BE217B /* ViewController.swift */; };
		ACD8346E26A6B6CC00BE217B /* Assets.xcassets in Resources */ = {isa = PBXBuildFile; fileRef = ACD8346D26A6B6CC00BE217B /* Assets.xcassets */; };
		ACD8347C26A6B6CD00BE217B /* tapTestTests.swift in Sources */ = {isa = PBXBuildFile; fileRef = ACD8347B26A6B6CD00BE217B /* tapTestTests.swift */; };
		ACD8349826A6C31E00BE217B /* VideoLoader.swift in Sources */ = {isa = PBXBuildFile; fileRef = ACD8349726A6C31E00BE217B /* VideoLoader.swift */; };
		ACD8349A26A6C33600BE217B /* HtmlParser.swift in Sources */ = {isa = PBXBuildFile; fileRef = ACD8349926A6C33600BE217B /* HtmlParser.swift */; };
		ACD8349C26A6C34700BE217B /* NetworkService.swift in Sources */ = {isa = PBXBuildFile; fileRef = ACD8349B26A6C34700BE217B /* NetworkService.swift */; };
/* End PBXBuildFile section */

/* Begin PBXContainerItemProxy section */
		ACD8347826A6B6CD00BE217B /* PBXContainerItemProxy */ = {
			isa = PBXContainerItemProxy;
			containerPortal = ACD8345926A6B6CB00BE217B /* Project object */;
			proxyType = 1;
			remoteGlobalIDString = ACD8346026A6B6CB00BE217B;
			remoteInfo = tapTest;
		};
/* End PBXContainerItemProxy section */

/* Begin PBXFileReference section */
		ACD8346126A6B6CB00BE217B /* tapTest.app */ = {isa = PBXFileReference; explicitFileType = wrapper.application; includeInIndex = 0; path = tapTest.app; sourceTree = BUILT_PRODUCTS_DIR; };
		ACD8346426A6B6CB00BE217B /* AppDelegate.swift */ = {isa = PBXFileReference; lastKnownFileType = sourcecode.swift; path = AppDelegate.swift; sourceTree = "<group>"; };
		ACD8346626A6B6CB00BE217B /* SceneDelegate.swift */ = {isa = PBXFileReference; lastKnownFileType = sourcecode.swift; path = SceneDelegate.swift; sourceTree = "<group>"; };
		ACD8346826A6B6CB00BE217B /* ViewController.swift */ = {isa = PBXFileReference; lastKnownFileType = sourcecode.swift; path = ViewController.swift; sourceTree = "<group>"; };
		ACD8346D26A6B6CC00BE217B /* Assets.xcassets */ = {isa = PBXFileReference; lastKnownFileType = folder.assetcatalog; path = Assets.xcassets; sourceTree = "<group>"; };
		ACD8347226A6B6CC00BE217B /* Info.plist */ = {isa = PBXFileReference; lastKnownFileType = text.plist.xml; path = Info.plist; sourceTree = "<group>"; };
		ACD8347726A6B6CD00BE217B /* tapTestTests.xctest */ = {isa = PBXFileReference; explicitFileType = wrapper.cfbundle; includeInIndex = 0; path = tapTestTests.xctest; sourceTree = BUILT_PRODUCTS_DIR; };
		ACD8347B26A6B6CD00BE217B /* tapTestTests.swift */ = {isa = PBXFileReference; lastKnownFileType = sourcecode.swift; path = tapTestTests.swift; sourceTree = "<group>"; };
		ACD8347D26A6B6CD00BE217B /* Info.plist */ = {isa = PBXFileReference; lastKnownFileType = text.plist.xml; path = Info.plist; sourceTree = "<group>"; };
		ACD8349726A6C31E00BE217B /* VideoLoader.swift */ = {isa = PBXFileReference; lastKnownFileType = sourcecode.swift; path = VideoLoader.swift; sourceTree = "<group>"; };
		ACD8349926A6C33600BE217B /* HtmlParser.swift */ = {isa = PBXFileReference; lastKnownFileType = sourcecode.swift; path = HtmlParser.swift; sourceTree = "<group>"; };
		ACD8349B26A6C34700BE217B /* NetworkService.swift */ = {isa = PBXFileReference; lastKnownFileType = sourcecode.swift; path = NetworkService.swift; sourceTree = "<group>"; };
/* End PBXFileReference section */

/* Begin PBXFrameworksBuildPhase section */
		ACD8345E26A6B6CB00BE217B /* Frameworks */ = {
			isa = PBXFrameworksBuildPhase;
			buildActionMask = 2147483647;
			files = (
			);
			runOnlyForDeploymentPostprocessing = 0;
		};
		ACD8347426A6B6CD00BE217B /* Frameworks */ = {
			isa = PBXFrameworksBuildPhase;
			buildActionMask = 2147483647;
			files = (
			);
			runOnlyForDeploymentPostprocessing = 0;
		};
/* End PBXFrameworksBuildPhase section */

/* Begin PBXGroup section */
		ACD8345826A6B6CB00BE217B = {
			isa = PBXGroup;
			children = (
				ACD8346326A6B6CB00BE217B /* tapTest */,
				ACD8347A26A6B6CD00BE217B /* tapTestTests */,
				ACD8346226A6B6CB00BE217B /* Products */,
			);
			sourceTree = "<group>";
		};
		ACD8346226A6B6CB00BE217B /* Products */ = {
			isa = PBXGroup;
			children = (
				ACD8346126A6B6CB00BE217B /* tapTest.app */,
				ACD8347726A6B6CD00BE217B /* tapTestTests.xctest */,
			);
			name = Products;
			sourceTree = "<group>";
		};
		ACD8346326A6B6CB00BE217B /* tapTest */ = {
			isa = PBXGroup;
			children = (
				ACD8349D26A6C98B00BE217B /* DataSource */,
				ACD8349626A6C2F300BE217B /* Loader */,
				ACD8349526A6C1FA00BE217B /* Parser */,
				ACD8349426A6C1DC00BE217B /* Network */,
				ACD8346426A6B6CB00BE217B /* AppDelegate.swift */,
				ACD8346626A6B6CB00BE217B /* SceneDelegate.swift */,
				ACD8346826A6B6CB00BE217B /* ViewController.swift */,
				ACD8346D26A6B6CC00BE217B /* Assets.xcassets */,
				ACD8347226A6B6CC00BE217B /* Info.plist */,
			);
			path = tapTest;
			sourceTree = "<group>";
		};
		ACD8347A26A6B6CD00BE217B /* tapTestTests */ = {
			isa = PBXGroup;
			children = (
				ACD8347B26A6B6CD00BE217B /* tapTestTests.swift */,
				ACD8347D26A6B6CD00BE217B /* Info.plist */,
			);
			path = tapTestTests;
			sourceTree = "<group>";
		};
		ACD8349426A6C1DC00BE217B /* Network */ = {
			isa = PBXGroup;
			children = (
				ACD8349B26A6C34700BE217B /* NetworkService.swift */,
			);
			path = Network;
			sourceTree = "<group>";
		};
		ACD8349526A6C1FA00BE217B /* Parser */ = {
			isa = PBXGroup;
			children = (
				ACD8349926A6C33600BE217B /* HtmlParser.swift */,
			);
			path = Parser;
			sourceTree = "<group>";
		};
		ACD8349626A6C2F300BE217B /* Loader */ = {
			isa = PBXGroup;
			children = (
				ACD8349726A6C31E00BE217B /* VideoLoader.swift */,
			);
			path = Loader;
			sourceTree = "<group>";
		};
		ACD8349D26A6C98B00BE217B /* DataSource */ = {
			isa = PBXGroup;
			children = (
			);
			path = DataSource;
			sourceTree = "<group>";
		};
/* End PBXGroup section */

/* Begin PBXNativeTarget section */
		ACD8346026A6B6CB00BE217B /* tapTest */ = {
			isa = PBXNativeTarget;
			buildConfigurationList = ACD8348B26A6B6CD00BE217B /* Build configuration list for PBXNativeTarget "tapTest" */;
			buildPhases = (
				ACD8345D26A6B6CB00BE217B /* Sources */,
				ACD8345E26A6B6CB00BE217B /* Frameworks */,
				ACD8345F26A6B6CB00BE217B /* Resources */,
			);
			buildRules = (
			);
			dependencies = (
			);
			name = tapTest;
			productName = tapTest;
			productReference = ACD8346126A6B6CB00BE217B /* tapTest.app */;
			productType = "com.apple.product-type.application";
		};
		ACD8347626A6B6CD00BE217B /* tapTestTests */ = {
			isa = PBXNativeTarget;
			buildConfigurationList = ACD8348E26A6B6CD00BE217B /* Build configuration list for PBXNativeTarget "tapTestTests" */;
			buildPhases = (
				ACD8347326A6B6CD00BE217B /* Sources */,
				ACD8347426A6B6CD00BE217B /* Frameworks */,
				ACD8347526A6B6CD00BE217B /* Resources */,
			);
			buildRules = (
			);
			dependencies = (
				ACD8347926A6B6CD00BE217B /* PBXTargetDependency */,
			);
			name = tapTestTests;
			productName = tapTestTests;
			productReference = ACD8347726A6B6CD00BE217B /* tapTestTests.xctest */;
			productType = "com.apple.product-type.bundle.unit-test";
		};
/* End PBXNativeTarget section */

/* Begin PBXProject section */
		ACD8345926A6B6CB00BE217B /* Project object */ = {
			isa = PBXProject;
			attributes = {
				LastSwiftUpdateCheck = 1250;
				LastUpgradeCheck = 1250;
				TargetAttributes = {
					ACD8346026A6B6CB00BE217B = {
						CreatedOnToolsVersion = 12.5;
					};
					ACD8347626A6B6CD00BE217B = {
						CreatedOnToolsVersion = 12.5;
						TestTargetID = ACD8346026A6B6CB00BE217B;
					};
				};
			};
			buildConfigurationList = ACD8345C26A6B6CB00BE217B /* Build configuration list for PBXProject "tapTest" */;
			compatibilityVersion = "Xcode 9.3";
			developmentRegion = en;
			hasScannedForEncodings = 0;
			knownRegions = (
				en,
				Base,
			);
			mainGroup = ACD8345826A6B6CB00BE217B;
			productRefGroup = ACD8346226A6B6CB00BE217B /* Products */;
			projectDirPath = "";
			projectRoot = "";
			targets = (
				ACD8346026A6B6CB00BE217B /* tapTest */,
				ACD8347626A6B6CD00BE217B /* tapTestTests */,
			);
		};
/* End PBXProject section */

/* Begin PBXResourcesBuildPhase section */
		ACD8345F26A6B6CB00BE217B /* Resources */ = {
			isa = PBXResourcesBuildPhase;
			buildActionMask = 2147483647;
			files = (
				ACD8346E26A6B6CC00BE217B /* Assets.xcassets in Resources */,
			);
			runOnlyForDeploymentPostprocessing = 0;
		};
		ACD8347526A6B6CD00BE217B /* Resources */ = {
			isa = PBXResourcesBuildPhase;
			buildActionMask = 2147483647;
			files = (
			);
			runOnlyForDeploymentPostprocessing = 0;
		};
/* End PBXResourcesBuildPhase section */

/* Begin PBXSourcesBuildPhase section */
		ACD8345D26A6B6CB00BE217B /* Sources */ = {
			isa = PBXSourcesBuildPhase;
			buildActionMask = 2147483647;
			files = (
				ACD8346926A6B6CB00BE217B /* ViewController.swift in Sources */,
				ACD8346526A6B6CB00BE217B /* AppDelegate.swift in Sources */,
				ACD8349826A6C31E00BE217B /* VideoLoader.swift in Sources */,
				ACD8349A26A6C33600BE217B /* HtmlParser.swift in Sources */,
				ACD8349C26A6C34700BE217B /* NetworkService.swift in Sources */,
				ACD8346726A6B6CB00BE217B /* SceneDelegate.swift in Sources */,
			);
			runOnlyForDeploymentPostprocessing = 0;
		};
		ACD8347326A6B6CD00BE217B /* Sources */ = {
			isa = PBXSourcesBuildPhase;
			buildActionMask = 2147483647;
			files = (
				ACD8347C26A6B6CD00BE217B /* tapTestTests.swift in Sources */,
			);
			runOnlyForDeploymentPostprocessing = 0;
		};
/* End PBXSourcesBuildPhase section */

/* Begin PBXTargetDependency section */
		ACD8347926A6B6CD00BE217B /* PBXTargetDependency */ = {
			isa = PBXTargetDependency;
			target = ACD8346026A6B6CB00BE217B /* tapTest */;
			targetProxy = ACD8347826A6B6CD00BE217B /* PBXContainerItemProxy */;
		};
/* End PBXTargetDependency section */

/* Begin XCBuildConfiguration section */
		ACD8348926A6B6CD00BE217B /* Debug */ = {
			isa = XCBuildConfiguration;
			buildSettings = {
				ALWAYS_SEARCH_USER_PATHS = NO;
				CLANG_ANALYZER_NONNULL = YES;
				CLANG_ANALYZER_NUMBER_OBJECT_CONVERSION = YES_AGGRESSIVE;
				CLANG_CXX_LANGUAGE_STANDARD = "gnu++14";
				CLANG_CXX_LIBRARY = "libc++";
				CLANG_ENABLE_MODULES = YES;
				CLANG_ENABLE_OBJC_ARC = YES;
				CLANG_ENABLE_OBJC_WEAK = YES;
				CLANG_WARN_BLOCK_CAPTURE_AUTORELEASING = YES;
				CLANG_WARN_BOOL_CONVERSION = YES;
				CLANG_WARN_COMMA = YES;
				CLANG_WARN_CONSTANT_CONVERSION = YES;
				CLANG_WARN_DEPRECATED_OBJC_IMPLEMENTATIONS = YES;
				CLANG_WARN_DIRECT_OBJC_ISA_USAGE = YES_ERROR;
				CLANG_WARN_DOCUMENTATION_COMMENTS = YES;
				CLANG_WARN_EMPTY_BODY = YES;
				CLANG_WARN_ENUM_CONVERSION = YES;
				CLANG_WARN_INFINITE_RECURSION = YES;
				CLANG_WARN_INT_CONVERSION = YES;
				CLANG_WARN_NON_LITERAL_NULL_CONVERSION = YES;
				CLANG_WARN_OBJC_IMPLICIT_RETAIN_SELF = YES;
				CLANG_WARN_OBJC_LITERAL_CONVERSION = YES;
				CLANG_WARN_OBJC_ROOT_CLASS = YES_ERROR;
				CLANG_WARN_QUOTED_INCLUDE_IN_FRAMEWORK_HEADER = YES;
				CLANG_WARN_RANGE_LOOP_ANALYSIS = YES;
				CLANG_WARN_STRICT_PROTOTYPES = YES;
				CLANG_WARN_SUSPICIOUS_MOVE = YES;
				CLANG_WARN_UNGUARDED_AVAILABILITY = YES_AGGRESSIVE;
				CLANG_WARN_UNREACHABLE_CODE = YES;
				CLANG_WARN__DUPLICATE_METHOD_MATCH = YES;
				COPY_PHASE_STRIP = NO;
				DEBUG_INFORMATION_FORMAT = dwarf;
				ENABLE_STRICT_OBJC_MSGSEND = YES;
				ENABLE_TESTABILITY = YES;
				GCC_C_LANGUAGE_STANDARD = gnu11;
				GCC_DYNAMIC_NO_PIC = NO;
				GCC_NO_COMMON_BLOCKS = YES;
				GCC_OPTIMIZATION_LEVEL = 0;
				GCC_PREPROCESSOR_DEFINITIONS = (
					"DEBUG=1",
					"$(inherited)",
				);
				GCC_WARN_64_TO_32_BIT_CONVERSION = YES;
				GCC_WARN_ABOUT_RETURN_TYPE = YES_ERROR;
				GCC_WARN_UNDECLARED_SELECTOR = YES;
				GCC_WARN_UNINITIALIZED_AUTOS = YES_AGGRESSIVE;
				GCC_WARN_UNUSED_FUNCTION = YES;
				GCC_WARN_UNUSED_VARIABLE = YES;
				IPHONEOS_DEPLOYMENT_TARGET = 14.5;
				MTL_ENABLE_DEBUG_INFO = INCLUDE_SOURCE;
				MTL_FAST_MATH = YES;
				ONLY_ACTIVE_ARCH = YES;
				SDKROOT = iphoneos;
				SWIFT_ACTIVE_COMPILATION_CONDITIONS = DEBUG;
				SWIFT_OPTIMIZATION_LEVEL = "-Onone";
			};
			name = Debug;
		};
		ACD8348A26A6B6CD00BE217B /* Release */ = {
			isa = XCBuildConfiguration;
			buildSettings = {
				ALWAYS_SEARCH_USER_PATHS = NO;
				CLANG_ANALYZER_NONNULL = YES;
				CLANG_ANALYZER_NUMBER_OBJECT_CONVERSION = YES_AGGRESSIVE;
				CLANG_CXX_LANGUAGE_STANDARD = "gnu++14";
				CLANG_CXX_LIBRARY = "libc++";
				CLANG_ENABLE_MODULES = YES;
				CLANG_ENABLE_OBJC_ARC = YES;
				CLANG_ENABLE_OBJC_WEAK = YES;
				CLANG_WARN_BLOCK_CAPTURE_AUTORELEASING = YES;
				CLANG_WARN_BOOL_CONVERSION = YES;
				CLANG_WARN_COMMA = YES;
				CLANG_WARN_CONSTANT_CONVERSION = YES;
				CLANG_WARN_DEPRECATED_OBJC_IMPLEMENTATIONS = YES;
				CLANG_WARN_DIRECT_OBJC_ISA_USAGE = YES_ERROR;
				CLANG_WARN_DOCUMENTATION_COMMENTS = YES;
				CLANG_WARN_EMPTY_BODY = YES;
				CLANG_WARN_ENUM_CONVERSION = YES;
				CLANG_WARN_INFINITE_RECURSION = YES;
				CLANG_WARN_INT_CONVERSION = YES;
				CLANG_WARN_NON_LITERAL_NULL_CONVERSION = YES;
				CLANG_WARN_OBJC_IMPLICIT_RETAIN_SELF = YES;
				CLANG_WARN_OBJC_LITERAL_CONVERSION = YES;
				CLANG_WARN_OBJC_ROOT_CLASS = YES_ERROR;
				CLANG_WARN_QUOTED_INCLUDE_IN_FRAMEWORK_HEADER = YES;
				CLANG_WARN_RANGE_LOOP_ANALYSIS = YES;
				CLANG_WARN_STRICT_PROTOTYPES = YES;
				CLANG_WARN_SUSPICIOUS_MOVE = YES;
				CLANG_WARN_UNGUARDED_AVAILABILITY = YES_AGGRESSIVE;
				CLANG_WARN_UNREACHABLE_CODE = YES;
				CLANG_WARN__DUPLICATE_METHOD_MATCH = YES;
				COPY_PHASE_STRIP = NO;
				DEBUG_INFORMATION_FORMAT = "dwarf-with-dsym";
				ENABLE_NS_ASSERTIONS = NO;
				ENABLE_STRICT_OBJC_MSGSEND = YES;
				GCC_C_LANGUAGE_STANDARD = gnu11;
				GCC_NO_COMMON_BLOCKS = YES;
				GCC_WARN_64_TO_32_BIT_CONVERSION = YES;
				GCC_WARN_ABOUT_RETURN_TYPE = YES_ERROR;
				GCC_WARN_UNDECLARED_SELECTOR = YES;
				GCC_WARN_UNINITIALIZED_AUTOS = YES_AGGRESSIVE;
				GCC_WARN_UNUSED_FUNCTION = YES;
				GCC_WARN_UNUSED_VARIABLE = YES;
				IPHONEOS_DEPLOYMENT_TARGET = 14.5;
				MTL_ENABLE_DEBUG_INFO = NO;
				MTL_FAST_MATH = YES;
				SDKROOT = iphoneos;
				SWIFT_COMPILATION_MODE = wholemodule;
				SWIFT_OPTIMIZATION_LEVEL = "-O";
				VALIDATE_PRODUCT = YES;
			};
			name = Release;
		};
		ACD8348C26A6B6CD00BE217B /* Debug */ = {
			isa = XCBuildConfiguration;
			buildSettings = {
				ASSETCATALOG_COMPILER_APPICON_NAME = AppIcon;
				ASSETCATALOG_COMPILER_GLOBAL_ACCENT_COLOR_NAME = AccentColor;
				CODE_SIGN_STYLE = Automatic;
				INFOPLIST_FILE = tapTest/Info.plist;
				LD_RUNPATH_SEARCH_PATHS = (
					"$(inherited)",
					"@executable_path/Frameworks",
				);
				PRODUCT_BUNDLE_IDENTIFIER = KA.tapTest;
				PRODUCT_NAME = "$(TARGET_NAME)";
				SWIFT_VERSION = 5.0;
				TARGETED_DEVICE_FAMILY = "1,2";
			};
			name = Debug;
		};
		ACD8348D26A6B6CD00BE217B /* Release */ = {
			isa = XCBuildConfiguration;
			buildSettings = {
				ASSETCATALOG_COMPILER_APPICON_NAME = AppIcon;
				ASSETCATALOG_COMPILER_GLOBAL_ACCENT_COLOR_NAME = AccentColor;
				CODE_SIGN_STYLE = Automatic;
				INFOPLIST_FILE = tapTest/Info.plist;
				LD_RUNPATH_SEARCH_PATHS = (
					"$(inherited)",
					"@executable_path/Frameworks",
				);
				PRODUCT_BUNDLE_IDENTIFIER = KA.tapTest;
				PRODUCT_NAME = "$(TARGET_NAME)";
				SWIFT_VERSION = 5.0;
				TARGETED_DEVICE_FAMILY = "1,2";
			};
			name = Release;
		};
		ACD8348F26A6B6CD00BE217B /* Debug */ = {
			isa = XCBuildConfiguration;
			buildSettings = {
				ALWAYS_EMBED_SWIFT_STANDARD_LIBRARIES = YES;
				BUNDLE_LOADER = "$(TEST_HOST)";
				CODE_SIGN_STYLE = Automatic;
				INFOPLIST_FILE = tapTestTests/Info.plist;
				IPHONEOS_DEPLOYMENT_TARGET = 14.5;
				LD_RUNPATH_SEARCH_PATHS = (
					"$(inherited)",
					"@executable_path/Frameworks",
					"@loader_path/Frameworks",
				);
				PRODUCT_BUNDLE_IDENTIFIER = KA.tapTestTests;
				PRODUCT_NAME = "$(TARGET_NAME)";
				SWIFT_VERSION = 5.0;
				TARGETED_DEVICE_FAMILY = "1,2";
				TEST_HOST = "$(BUILT_PRODUCTS_DIR)/tapTest.app/tapTest";
			};
			name = Debug;
		};
		ACD8349026A6B6CD00BE217B /* Release */ = {
			isa = XCBuildConfiguration;
			buildSettings = {
				ALWAYS_EMBED_SWIFT_STANDARD_LIBRARIES = YES;
				BUNDLE_LOADER = "$(TEST_HOST)";
				CODE_SIGN_STYLE = Automatic;
				INFOPLIST_FILE = tapTestTests/Info.plist;
				IPHONEOS_DEPLOYMENT_TARGET = 14.5;
				LD_RUNPATH_SEARCH_PATHS = (
					"$(inherited)",
					"@executable_path/Frameworks",
					"@loader_path/Frameworks",
				);
				PRODUCT_BUNDLE_IDENTIFIER = KA.tapTestTests;
				PRODUCT_NAME = "$(TARGET_NAME)";
				SWIFT_VERSION = 5.0;
				TARGETED_DEVICE_FAMILY = "1,2";
				TEST_HOST = "$(BUILT_PRODUCTS_DIR)/tapTest.app/tapTest";
			};
			name = Release;
		};
/* End XCBuildConfiguration section */

/* Begin XCConfigurationList section */
		ACD8345C26A6B6CB00BE217B /* Build configuration list for PBXProject "tapTest" */ = {
			isa = XCConfigurationList;
			buildConfigurations = (
				ACD8348926A6B6CD00BE217B /* Debug */,
				ACD8348A26A6B6CD00BE217B /* Release */,
			);
			defaultConfigurationIsVisible = 0;
			defaultConfigurationName = Release;
		};
		ACD8348B26A6B6CD00BE217B /* Build configuration list for PBXNativeTarget "tapTest" */ = {
			isa = XCConfigurationList;
			buildConfigurations = (
				ACD8348C26A6B6CD00BE217B /* Debug */,
				ACD8348D26A6B6CD00BE217B /* Release */,
			);
			defaultConfigurationIsVisible = 0;
			defaultConfigurationName = Release;
		};
		ACD8348E26A6B6CD00BE217B /* Build configuration list for PBXNativeTarget "tapTestTests" */ = {
			isa = XCConfigurationList;
			buildConfigurations = (
				ACD8348F26A6B6CD00BE217B /* Debug */,
				ACD8349026A6B6CD00BE217B /* Release */,
			);
			defaultConfigurationIsVisible = 0;
			defaultConfigurationName = Release;
		};
/* End XCConfigurationList section */
	};
	rootObject = ACD8345926A6B6CB00BE217B /* Project object */;
}
